// !$*UTF8*$!
{
	archiveVersion = 1;
	classes = {
	};
	objectVersion = 51;
	objects = {

/* Begin PBXBuildFile section */
		67CBEB5F24EB9E6F00BE9343 /* AppDelegate.swift in Sources */ = {isa = PBXBuildFile; fileRef = 67CBEB5E24EB9E6F00BE9343 /* AppDelegate.swift */; };
		67CBEB6124EB9E6F00BE9343 /* SceneDelegate.swift in Sources */ = {isa = PBXBuildFile; fileRef = 67CBEB6024EB9E6F00BE9343 /* SceneDelegate.swift */; };
		67CBEB6324EB9E6F00BE9343 /* WeatherViewController.swift in Sources */ = {isa = PBXBuildFile; fileRef = 67CBEB6224EB9E6F00BE9343 /* WeatherViewController.swift */; };
		67CBEB6624EB9E6F00BE9343 /* Main.storyboard in Resources */ = {isa = PBXBuildFile; fileRef = 67CBEB6424EB9E6F00BE9343 /* Main.storyboard */; };
		67CBEB6824EB9E7100BE9343 /* Assets.xcassets in Resources */ = {isa = PBXBuildFile; fileRef = 67CBEB6724EB9E7100BE9343 /* Assets.xcassets */; };
		67CBEB6B24EB9E7100BE9343 /* LaunchScreen.storyboard in Resources */ = {isa = PBXBuildFile; fileRef = 67CBEB6924EB9E7100BE9343 /* LaunchScreen.storyboard */; };
		67CBEB7324EB9EF500BE9343 /* WeatherManager.swift in Sources */ = {isa = PBXBuildFile; fileRef = 67CBEB7224EB9EF500BE9343 /* WeatherManager.swift */; };
		67CBEB7624EB9F4D00BE9343 /* WeatherData.swift in Sources */ = {isa = PBXBuildFile; fileRef = 67CBEB7524EB9F4D00BE9343 /* WeatherData.swift */; };
		67CBEB7824EB9F6700BE9343 /* WeatherModel.swift in Sources */ = {isa = PBXBuildFile; fileRef = 67CBEB7724EB9F6700BE9343 /* WeatherModel.swift */; };
		67CBEB7A24EB9FA500BE9343 /* WeatherForecastData.swift in Sources */ = {isa = PBXBuildFile; fileRef = 67CBEB7924EB9FA500BE9343 /* WeatherForecastData.swift */; };
		67CBEB7C24EB9FBB00BE9343 /* ForecastManager.swift in Sources */ = {isa = PBXBuildFile; fileRef = 67CBEB7B24EB9FBB00BE9343 /* ForecastManager.swift */; };
/* End PBXBuildFile section */

/* Begin PBXFileReference section */
		67CBEB5B24EB9E6F00BE9343 /* iWeather.app */ = {isa = PBXFileReference; explicitFileType = wrapper.application; includeInIndex = 0; path = iWeather.app; sourceTree = BUILT_PRODUCTS_DIR; };
		67CBEB5E24EB9E6F00BE9343 /* AppDelegate.swift */ = {isa = PBXFileReference; lastKnownFileType = sourcecode.swift; path = AppDelegate.swift; sourceTree = "<group>"; };
		67CBEB6024EB9E6F00BE9343 /* SceneDelegate.swift */ = {isa = PBXFileReference; lastKnownFileType = sourcecode.swift; path = SceneDelegate.swift; sourceTree = "<group>"; };
		67CBEB6224EB9E6F00BE9343 /* WeatherViewController.swift */ = {isa = PBXFileReference; lastKnownFileType = sourcecode.swift; path = WeatherViewController.swift; sourceTree = "<group>"; };
		67CBEB6524EB9E6F00BE9343 /* Base */ = {isa = PBXFileReference; lastKnownFileType = file.storyboard; name = Base; path = Base.lproj/Main.storyboard; sourceTree = "<group>"; };
		67CBEB6724EB9E7100BE9343 /* Assets.xcassets */ = {isa = PBXFileReference; lastKnownFileType = folder.assetcatalog; path = Assets.xcassets; sourceTree = "<group>"; };
		67CBEB6A24EB9E7100BE9343 /* Base */ = {isa = PBXFileReference; lastKnownFileType = file.storyboard; name = Base; path = Base.lproj/LaunchScreen.storyboard; sourceTree = "<group>"; };
		67CBEB6C24EB9E7100BE9343 /* Info.plist */ = {isa = PBXFileReference; lastKnownFileType = text.plist.xml; path = Info.plist; sourceTree = "<group>"; };
		67CBEB7224EB9EF500BE9343 /* WeatherManager.swift */ = {isa = PBXFileReference; lastKnownFileType = sourcecode.swift; path = WeatherManager.swift; sourceTree = "<group>"; };
		67CBEB7524EB9F4D00BE9343 /* WeatherData.swift */ = {isa = PBXFileReference; lastKnownFileType = sourcecode.swift; path = WeatherData.swift; sourceTree = "<group>"; };
		67CBEB7724EB9F6700BE9343 /* WeatherModel.swift */ = {isa = PBXFileReference; lastKnownFileType = sourcecode.swift; path = WeatherModel.swift; sourceTree = "<group>"; };
		67CBEB7924EB9FA500BE9343 /* WeatherForecastData.swift */ = {isa = PBXFileReference; lastKnownFileType = sourcecode.swift; path = WeatherForecastData.swift; sourceTree = "<group>"; };
		67CBEB7B24EB9FBB00BE9343 /* ForecastManager.swift */ = {isa = PBXFileReference; lastKnownFileType = sourcecode.swift; path = ForecastManager.swift; sourceTree = "<group>"; };
/* End PBXFileReference section */

/* Begin PBXFrameworksBuildPhase section */
		67CBEB5824EB9E6F00BE9343 /* Frameworks */ = {
			isa = PBXFrameworksBuildPhase;
			buildActionMask = 2147483647;
			files = (
			);
			runOnlyForDeploymentPostprocessing = 0;
		};
/* End PBXFrameworksBuildPhase section */

/* Begin PBXGroup section */
		67CBEB5224EB9E6F00BE9343 = {
			isa = PBXGroup;
			children = (
				67CBEB5D24EB9E6F00BE9343 /* iWeather */,
				67CBEB5C24EB9E6F00BE9343 /* Products */,
			);
			sourceTree = "<group>";
		};
		67CBEB5C24EB9E6F00BE9343 /* Products */ = {
			isa = PBXGroup;
			children = (
				67CBEB5B24EB9E6F00BE9343 /* iWeather.app */,
			);
			name = Products;
			sourceTree = "<group>";
		};
		67CBEB5D24EB9E6F00BE9343 /* iWeather */ = {
			isa = PBXGroup;
			children = (
				67CBEB5E24EB9E6F00BE9343 /* AppDelegate.swift */,
				67CBEB6024EB9E6F00BE9343 /* SceneDelegate.swift */,
				67CBEB7E24EB9FFF00BE9343 /* Controller */,
				67CBEB7D24EB9FF900BE9343 /* View */,
				67CBEB6724EB9E7100BE9343 /* Assets.xcassets */,
				67CBEB6924EB9E7100BE9343 /* LaunchScreen.storyboard */,
				67CBEB6C24EB9E7100BE9343 /* Info.plist */,
				67CBEB7424EB9F4000BE9343 /* Model */,
			);
			path = iWeather;
			sourceTree = "<group>";
		};
		67CBEB7424EB9F4000BE9343 /* Model */ = {
			isa = PBXGroup;
			children = (
				67CBEB7224EB9EF500BE9343 /* WeatherManager.swift */,
				67CBEB7524EB9F4D00BE9343 /* WeatherData.swift */,
				67CBEB7724EB9F6700BE9343 /* WeatherModel.swift */,
				67CBEB7924EB9FA500BE9343 /* WeatherForecastData.swift */,
				67CBEB7B24EB9FBB00BE9343 /* ForecastManager.swift */,
			);
			path = Model;
			sourceTree = "<group>";
		};
		67CBEB7D24EB9FF900BE9343 /* View */ = {
			isa = PBXGroup;
			children = (
				67CBEB6424EB9E6F00BE9343 /* Main.storyboard */,
			);
			path = View;
			sourceTree = "<group>";
		};
		67CBEB7E24EB9FFF00BE9343 /* Controller */ = {
			isa = PBXGroup;
			children = (
				67CBEB6224EB9E6F00BE9343 /* WeatherViewController.swift */,
			);
			path = Controller;
			sourceTree = "<group>";
		};
/* End PBXGroup section */

/* Begin PBXNativeTarget section */
		67CBEB5A24EB9E6F00BE9343 /* iWeather */ = {
			isa = PBXNativeTarget;
			buildConfigurationList = 67CBEB6F24EB9E7100BE9343 /* Build configuration list for PBXNativeTarget "iWeather" */;
			buildPhases = (
				67CBEB5724EB9E6F00BE9343 /* Sources */,
				67CBEB5824EB9E6F00BE9343 /* Frameworks */,
				67CBEB5924EB9E6F00BE9343 /* Resources */,
			);
			buildRules = (
			);
			dependencies = (
			);
			name = iWeather;
			productName = iWeather;
			productReference = 67CBEB5B24EB9E6F00BE9343 /* iWeather.app */;
			productType = "com.apple.product-type.application";
		};
/* End PBXNativeTarget section */

/* Begin PBXProject section */
		67CBEB5324EB9E6F00BE9343 /* Project object */ = {
			isa = PBXProject;
			attributes = {
				LastSwiftUpdateCheck = 1160;
				LastUpgradeCheck = 1160;
				ORGANIZATIONNAME = "Mohit Andhare";
				TargetAttributes = {
					67CBEB5A24EB9E6F00BE9343 = {
						CreatedOnToolsVersion = 11.6;
					};
				};
			};
			buildConfigurationList = 67CBEB5624EB9E6F00BE9343 /* Build configuration list for PBXProject "iWeather" */;
			compatibilityVersion = "Xcode 10.0";
			developmentRegion = en;
			hasScannedForEncodings = 0;
			knownRegions = (
				en,
				Base,
			);
			mainGroup = 67CBEB5224EB9E6F00BE9343;
			productRefGroup = 67CBEB5C24EB9E6F00BE9343 /* Products */;
			projectDirPath = "";
			projectRoot = "";
			targets = (
				67CBEB5A24EB9E6F00BE9343 /* iWeather */,
			);
		};
/* End PBXProject section */

/* Begin PBXResourcesBuildPhase section */
		67CBEB5924EB9E6F00BE9343 /* Resources */ = {
			isa = PBXResourcesBuildPhase;
			buildActionMask = 2147483647;
			files = (
				67CBEB6B24EB9E7100BE9343 /* LaunchScreen.storyboard in Resources */,
				67CBEB6824EB9E7100BE9343 /* Assets.xcassets in Resources */,
				67CBEB6624EB9E6F00BE9343 /* Main.storyboard in Resources */,
			);
			runOnlyForDeploymentPostprocessing = 0;
		};
/* End PBXResourcesBuildPhase section */

/* Begin PBXSourcesBuildPhase section */
		67CBEB5724EB9E6F00BE9343 /* Sources */ = {
			isa = PBXSourcesBuildPhase;
			buildActionMask = 2147483647;
			files = (
				67CBEB6324EB9E6F00BE9343 /* WeatherViewController.swift in Sources */,
				67CBEB7624EB9F4D00BE9343 /* WeatherData.swift in Sources */,
				67CBEB7C24EB9FBB00BE9343 /* ForecastManager.swift in Sources */,
				67CBEB5F24EB9E6F00BE9343 /* AppDelegate.swift in Sources */,
				67CBEB7324EB9EF500BE9343 /* WeatherManager.swift in Sources */,
				67CBEB7824EB9F6700BE9343 /* WeatherModel.swift in Sources */,
				67CBEB7A24EB9FA500BE9343 /* WeatherForecastData.swift in Sources */,
				67CBEB6124EB9E6F00BE9343 /* SceneDelegate.swift in Sources */,
			);
			runOnlyForDeploymentPostprocessing = 0;
		};
/* End PBXSourcesBuildPhase section */

/* Begin PBXVariantGroup section */
		67CBEB6424EB9E6F00BE9343 /* Main.storyboard */ = {
			isa = PBXVariantGroup;
			children = (
				67CBEB6524EB9E6F00BE9343 /* Base */,
			);
			name = Main.storyboard;
			sourceTree = "<group>";
		};
		67CBEB6924EB9E7100BE9343 /* LaunchScreen.storyboard */ = {
			isa = PBXVariantGroup;
			children = (
				67CBEB6A24EB9E7100BE9343 /* Base */,
			);
			name = LaunchScreen.storyboard;
			sourceTree = "<group>";
		};
/* End PBXVariantGroup section */

/* Begin XCBuildConfiguration section */
		67CBEB6D24EB9E7100BE9343 /* Debug */ = {
			isa = XCBuildConfiguration;
			buildSettings = {
				ALWAYS_SEARCH_USER_PATHS = NO;
				CLANG_ANALYZER_NONNULL = YES;
				CLANG_ANALYZER_NUMBER_OBJECT_CONVERSION = YES_AGGRESSIVE;
				CLANG_CXX_LANGUAGE_STANDARD = "gnu++14";
				CLANG_CXX_LIBRARY = "libc++";
				CLANG_ENABLE_MODULES = YES;
				CLANG_ENABLE_OBJC_ARC = YES;
				CLANG_ENABLE_OBJC_WEAK = YES;
				CLANG_WARN_BLOCK_CAPTURE_AUTORELEASING = YES;
				CLANG_WARN_BOOL_CONVERSION = YES;
				CLANG_WARN_COMMA = YES;
				CLANG_WARN_CONSTANT_CONVERSION = YES;
				CLANG_WARN_DEPRECATED_OBJC_IMPLEMENTATIONS = YES;
				CLANG_WARN_DIRECT_OBJC_ISA_USAGE = YES_ERROR;
				CLANG_WARN_DOCUMENTATION_COMMENTS = YES;
				CLANG_WARN_EMPTY_BODY = YES;
				CLANG_WARN_ENUM_CONVERSION = YES;
				CLANG_WARN_INFINITE_RECURSION = YES;
				CLANG_WARN_INT_CONVERSION = YES;
				CLANG_WARN_NON_LITERAL_NULL_CONVERSION = YES;
				CLANG_WARN_OBJC_IMPLICIT_RETAIN_SELF = YES;
				CLANG_WARN_OBJC_LITERAL_CONVERSION = YES;
				CLANG_WARN_OBJC_ROOT_CLASS = YES_ERROR;
				CLANG_WARN_RANGE_LOOP_ANALYSIS = YES;
				CLANG_WARN_STRICT_PROTOTYPES = YES;
				CLANG_WARN_SUSPICIOUS_MOVE = YES;
				CLANG_WARN_UNGUARDED_AVAILABILITY = YES_AGGRESSIVE;
				CLANG_WARN_UNREACHABLE_CODE = YES;
				CLANG_WARN__DUPLICATE_METHOD_MATCH = YES;
				COPY_PHASE_STRIP = NO;
				DEBUG_INFORMATION_FORMAT = dwarf;
				ENABLE_STRICT_OBJC_MSGSEND = YES;
				ENABLE_TESTABILITY = YES;
				GCC_C_LANGUAGE_STANDARD = gnu11;
				GCC_DYNAMIC_NO_PIC = NO;
				GCC_NO_COMMON_BLOCKS = YES;
				GCC_OPTIMIZATION_LEVEL = 0;
				GCC_PREPROCESSOR_DEFINITIONS = (
					"DEBUG=1",
					"$(inherited)",
				);
				GCC_WARN_64_TO_32_BIT_CONVERSION = YES;
				GCC_WARN_ABOUT_RETURN_TYPE = YES_ERROR;
				GCC_WARN_UNDECLARED_SELECTOR = YES;
				GCC_WARN_UNINITIALIZED_AUTOS = YES_AGGRESSIVE;
				GCC_WARN_UNUSED_FUNCTION = YES;
				GCC_WARN_UNUSED_VARIABLE = YES;
				IPHONEOS_DEPLOYMENT_TARGET = 13.6;
				MTL_ENABLE_DEBUG_INFO = INCLUDE_SOURCE;
				MTL_FAST_MATH = YES;
				ONLY_ACTIVE_ARCH = YES;
				SDKROOT = iphoneos;
				SWIFT_ACTIVE_COMPILATION_CONDITIONS = DEBUG;
				SWIFT_OPTIMIZATION_LEVEL = "-Onone";
			};
			name = Debug;
		};
		67CBEB6E24EB9E7100BE9343 /* Release */ = {
			isa = XCBuildConfiguration;
			buildSettings = {
				ALWAYS_SEARCH_USER_PATHS = NO;
				CLANG_ANALYZER_NONNULL = YES;
				CLANG_ANALYZER_NUMBER_OBJECT_CONVERSION = YES_AGGRESSIVE;
				CLANG_CXX_LANGUAGE_STANDARD = "gnu++14";
				CLANG_CXX_LIBRARY = "libc++";
				CLANG_ENABLE_MODULES = YES;
				CLANG_ENABLE_OBJC_ARC = YES;
				CLANG_ENABLE_OBJC_WEAK = YES;
				CLANG_WARN_BLOCK_CAPTURE_AUTORELEASING = YES;
				CLANG_WARN_BOOL_CONVERSION = YES;
				CLANG_WARN_COMMA = YES;
				CLANG_WARN_CONSTANT_CONVERSION = YES;
				CLANG_WARN_DEPRECATED_OBJC_IMPLEMENTATIONS = YES;
				CLANG_WARN_DIRECT_OBJC_ISA_USAGE = YES_ERROR;
				CLANG_WARN_DOCUMENTATION_COMMENTS = YES;
				CLANG_WARN_EMPTY_BODY = YES;
				CLANG_WARN_ENUM_CONVERSION = YES;
				CLANG_WARN_INFINITE_RECURSION = YES;
				CLANG_WARN_INT_CONVERSION = YES;
				CLANG_WARN_NON_LITERAL_NULL_CONVERSION = YES;
				CLANG_WARN_OBJC_IMPLICIT_RETAIN_SELF = YES;
				CLANG_WARN_OBJC_LITERAL_CONVERSION = YES;
				CLANG_WARN_OBJC_ROOT_CLASS = YES_ERROR;
				CLANG_WARN_RANGE_LOOP_ANALYSIS = YES;
				CLANG_WARN_STRICT_PROTOTYPES = YES;
				CLANG_WARN_SUSPICIOUS_MOVE = YES;
				CLANG_WARN_UNGUARDED_AVAILABILITY = YES_AGGRESSIVE;
				CLANG_WARN_UNREACHABLE_CODE = YES;
				CLANG_WARN__DUPLICATE_METHOD_MATCH = YES;
				COPY_PHASE_STRIP = NO;
				DEBUG_INFORMATION_FORMAT = "dwarf-with-dsym";
				ENABLE_NS_ASSERTIONS = NO;
				ENABLE_STRICT_OBJC_MSGSEND = YES;
				GCC_C_LANGUAGE_STANDARD = gnu11;
				GCC_NO_COMMON_BLOCKS = YES;
				GCC_WARN_64_TO_32_BIT_CONVERSION = YES;
				GCC_WARN_ABOUT_RETURN_TYPE = YES_ERROR;
				GCC_WARN_UNDECLARED_SELECTOR = YES;
				GCC_WARN_UNINITIALIZED_AUTOS = YES_AGGRESSIVE;
				GCC_WARN_UNUSED_FUNCTION = YES;
				GCC_WARN_UNUSED_VARIABLE = YES;
				IPHONEOS_DEPLOYMENT_TARGET = 13.6;
				MTL_ENABLE_DEBUG_INFO = NO;
				MTL_FAST_MATH = YES;
				SDKROOT = iphoneos;
				SWIFT_COMPILATION_MODE = wholemodule;
				SWIFT_OPTIMIZATION_LEVEL = "-O";
				VALIDATE_PRODUCT = YES;
			};
			name = Release;
		};
		67CBEB7024EB9E7100BE9343 /* Debug */ = {
			isa = XCBuildConfiguration;
			buildSettings = {
				ASSETCATALOG_COMPILER_APPICON_NAME = AppIcon;
				CODE_SIGN_STYLE = Automatic;
				DEVELOPMENT_TEAM = P99B96BPA5;
				INFOPLIST_FILE = iWeather/Info.plist;
				LD_RUNPATH_SEARCH_PATHS = (
					"$(inherited)",
					"@executable_path/Frameworks",
				);
				PRODUCT_BUNDLE_IDENTIFIER = "Mohit-Andhare.iWeather";
				PRODUCT_NAME = "$(TARGET_NAME)";
				SWIFT_VERSION = 5.0;
				TARGETED_DEVICE_FAMILY = "1,2";
			};
			name = Debug;
		};
		67CBEB7124EB9E7100BE9343 /* Release */ = {
			isa = XCBuildConfiguration;
			buildSettings = {
				ASSETCATALOG_COMPILER_APPICON_NAME = AppIcon;
				CODE_SIGN_STYLE = Automatic;
				DEVELOPMENT_TEAM = P99B96BPA5;
				INFOPLIST_FILE = iWeather/Info.plist;
				LD_RUNPATH_SEARCH_PATHS = (
					"$(inherited)",
					"@executable_path/Frameworks",
				);
				PRODUCT_BUNDLE_IDENTIFIER = "Mohit-Andhare.iWeather";
				PRODUCT_NAME = "$(TARGET_NAME)";
				SWIFT_VERSION = 5.0;
				TARGETED_DEVICE_FAMILY = "1,2";
			};
			name = Release;
		};
/* End XCBuildConfiguration section */

/* Begin XCConfigurationList section */
		67CBEB5624EB9E6F00BE9343 /* Build configuration list for PBXProject "iWeather" */ = {
			isa = XCConfigurationList;
			buildConfigurations = (
				67CBEB6D24EB9E7100BE9343 /* Debug */,
				67CBEB6E24EB9E7100BE9343 /* Release */,
			);
			defaultConfigurationIsVisible = 0;
			defaultConfigurationName = Release;
		};
		67CBEB6F24EB9E7100BE9343 /* Build configuration list for PBXNativeTarget "iWeather" */ = {
			isa = XCConfigurationList;
			buildConfigurations = (
				67CBEB7024EB9E7100BE9343 /* Debug */,
				67CBEB7124EB9E7100BE9343 /* Release */,
			);
			defaultConfigurationIsVisible = 0;
			defaultConfigurationName = Release;
		};
/* End XCConfigurationList section */
	};
	rootObject = 67CBEB5324EB9E6F00BE9343 /* Project object */;
}
